{
  "requires": true,
  "lockfileVersion": 1,
  "dependencies": {
    "tributejs": {
      "version": "3.5.3",
      "resolved": "https://registry.npmjs.org/tributejs/-/tributejs-3.5.3.tgz",
      "integrity": "sha512-LS1FOTmyrt/oP7WHm+epwHOzokJX+TNTxYQvSQfesd1RGEhhVix2l+pUTPHGrXMSe5H3xvPDKA8b5LvMyxV5Ww=="
    }
  }
}
